
Microsoft Visual Studio Solution File, Format Version 12.00
# Visual Studio 15
Project("{FAE04EC0-301F-11D3-BF4B-00C04F79EFBC}") = "Assembly-CSharp", "Assembly-CSharp.csproj", "{0B4F4365-0D1E-4E1E-1374-EC2D90451A8F}"
EndProject
Project("{FAE04EC0-301F-11D3-BF4B-00C04F79EFBC}") = "Assembly-CSharp-firstpass", "Assembly-CSharp-firstpass.csproj", "{23ECE171-06E1-69A5-8EA2-C28CC5853891}"
EndProject
Project("{FAE04EC0-301F-11D3-BF4B-00C04F79EFBC}") = "Assembly-CSharp-Editor", "Assembly-CSharp-Editor.csproj", "{84B41A97-DF7B-3F28-E0A6-B8B9A1215CA4}"
EndProject
Global
	GlobalSection(SolutionConfigurationPlatforms) = preSolution
		Debug|Any CPU = Debug|Any CPU
		Release|Any CPU = Release|Any CPU
	EndGlobalSection
	GlobalSection(ProjectConfigurationPlatforms) = postSolution
		{0B4F4365-0D1E-4E1E-1374-EC2D90451A8F}.Debug|Any CPU.ActiveCfg = Debug|Any CPU
		{0B4F4365-0D1E-4E1E-1374-EC2D90451A8F}.Debug|Any CPU.Build.0 = Debug|Any CPU
		{0B4F4365-0D1E-4E1E-1374-EC2D90451A8F}.Release|Any CPU.ActiveCfg = Release|Any CPU
		{0B4F4365-0D1E-4E1E-1374-EC2D90451A8F}.Release|Any CPU.Build.0 = Release|Any CPU
		{23ECE171-06E1-69A5-8EA2-C28CC5853891}.Debug|Any CPU.ActiveCfg = Debug|Any CPU
		{23ECE171-06E1-69A5-8EA2-C28CC5853891}.Debug|Any CPU.Build.0 = Debug|Any CPU
		{23ECE171-06E1-69A5-8EA2-C28CC5853891}.Release|Any CPU.ActiveCfg = Release|Any CPU
		{23ECE171-06E1-69A5-8EA2-C28CC5853891}.Release|Any CPU.Build.0 = Release|Any CPU
		{84B41A97-DF7B-3F28-E0A6-B8B9A1215CA4}.Debug|Any CPU.ActiveCfg = Debug|Any CPU
		{84B41A97-DF7B-3F28-E0A6-B8B9A1215CA4}.Debug|Any CPU.Build.0 = Debug|Any CPU
		{84B41A97-DF7B-3F28-E0A6-B8B9A1215CA4}.Release|Any CPU.ActiveCfg = Release|Any CPU
		{84B41A97-DF7B-3F28-E0A6-B8B9A1215CA4}.Release|Any CPU.Build.0 = Release|Any CPU
	EndGlobalSection
	GlobalSection(SolutionProperties) = preSolution
		HideSolutionNode = FALSE
	EndGlobalSection
EndGlobal
